
Microsoft Visual Studio Solution File, Format Version 12.00
# Visual Studio Version 16
VisualStudioVersion = 16.0.30406.217
MinimumVisualStudioVersion = 10.0.40219.1
Project("{FAE04EC0-301F-11D3-BF4B-00C04F79EFBC}") = "Spice", "Spice\Spice.csproj", "{650D488B-A80E-467B-B588-23599816ED9A}"
EndProject
Global
	GlobalSection(SolutionConfigurationPlatforms) = preSolution
		Debug|Any CPU = Debug|Any CPU
		Release|Any CPU = Release|Any CPU
	EndGlobalSection
	GlobalSection(ProjectConfigurationPlatforms) = postSolution
		{650D488B-A80E-467B-B588-23599816ED9A}.Debug|Any CPU.ActiveCfg = Debug|Any CPU
		{650D488B-A80E-467B-B588-23599816ED9A}.Debug|Any CPU.Build.0 = Debug|Any CPU
		{650D488B-A80E-467B-B588-23599816ED9A}.Release|Any CPU.ActiveCfg = Release|Any CPU
		{650D488B-A80E-467B-B588-23599816ED9A}.Release|Any CPU.Build.0 = Release|Any CPU
	EndGlobalSection
	GlobalSection(SolutionProperties) = preSolution
		HideSolutionNode = FALSE
	EndGlobalSection
	GlobalSection(ExtensibilityGlobals) = postSolution
		SolutionGuid = {9F85986C-F80F-48C5-B146-EE9F54227180}
	EndGlobalSection
EndGlobal
